
Microsoft Visual Studio Solution File, Format Version 12.00
# Visual Studio Version 16
VisualStudioVersion = 16.0.29215.179
MinimumVisualStudioVersion = 10.0.40219.1
Project("{FAE04EC0-301F-11D3-BF4B-00C04F79EFBC}") = "AB120_B3_OnOff", "AB120_B3_OnOff\AB120_B3_OnOff.csproj", "{F93B1883-478F-47D0-B608-2231231C9787}"
EndProject
Global
	GlobalSection(SolutionConfigurationPlatforms) = preSolution
		Debug|Any CPU = Debug|Any CPU
		Release|Any CPU = Release|Any CPU
	EndGlobalSection
	GlobalSection(ProjectConfigurationPlatforms) = postSolution
		{F93B1883-478F-47D0-B608-2231231C9787}.Debug|Any CPU.ActiveCfg = Debug|Any CPU
		{F93B1883-478F-47D0-B608-2231231C9787}.Debug|Any CPU.Build.0 = Debug|Any CPU
		{F93B1883-478F-47D0-B608-2231231C9787}.Release|Any CPU.ActiveCfg = Release|Any CPU
		{F93B1883-478F-47D0-B608-2231231C9787}.Release|Any CPU.Build.0 = Release|Any CPU
	EndGlobalSection
	GlobalSection(SolutionProperties) = preSolution
		HideSolutionNode = FALSE
	EndGlobalSection
	GlobalSection(ExtensibilityGlobals) = postSolution
		SolutionGuid = {6445BFDF-2CCA-4F33-ACE5-AD5C1100BA91}
	EndGlobalSection
EndGlobal
